
Microsoft Visual Studio Solution File, Format Version 12.00
# Visual Studio 15
VisualStudioVersion = 15.0.28307.902
MinimumVisualStudioVersion = 10.0.40219.1
Project("{FAE04EC0-301F-11D3-BF4B-00C04F79EFBC}") = "Xamarin.NS.Toolkit.Android", "Xamarin.NS.Toolkit\Xamarin.NS.Toolkit.Android\Xamarin.NS.Toolkit.Android.csproj", "{54AB8910-2B69-4D24-8F36-C5779588C9CC}"
EndProject
Project("{FAE04EC0-301F-11D3-BF4B-00C04F79EFBC}") = "Xamarin.NS.Toolkit.iOS", "Xamarin.NS.Toolkit\Xamarin.NS.Toolkit.iOS\Xamarin.NS.Toolkit.iOS.csproj", "{C95B766F-E542-45E7-BE9C-9CAD99371D75}"
EndProject
Project("{FAE04EC0-301F-11D3-BF4B-00C04F79EFBC}") = "Xamarin.NS.Toolkit.UWP", "Xamarin.NS.Toolkit\Xamarin.NS.Toolkit.UWP\Xamarin.NS.Toolkit.UWP.csproj", "{6289C4BF-F9CC-4701-A717-43884A3A0BCD}"
EndProject
Project("{FAE04EC0-301F-11D3-BF4B-00C04F79EFBC}") = "Xamarin.NS.Toolkit", "Xamarin.NS.Toolkit\Xamarin.NS.Toolkit\Xamarin.NS.Toolkit.csproj", "{75783D40-A7F0-4A4B-82B4-A685A714CB5E}"
EndProject
Global
	GlobalSection(SolutionConfigurationPlatforms) = preSolution
		Ad-Hoc|Any CPU = Ad-Hoc|Any CPU
		Ad-Hoc|ARM = Ad-Hoc|ARM
		Ad-Hoc|iPhone = Ad-Hoc|iPhone
		Ad-Hoc|iPhoneSimulator = Ad-Hoc|iPhoneSimulator
		Ad-Hoc|x64 = Ad-Hoc|x64
		Ad-Hoc|x86 = Ad-Hoc|x86
		AppStore|Any CPU = AppStore|Any CPU
		AppStore|ARM = AppStore|ARM
		AppStore|iPhone = AppStore|iPhone
		AppStore|iPhoneSimulator = AppStore|iPhoneSimulator
		AppStore|x64 = AppStore|x64
		AppStore|x86 = AppStore|x86
		Debug|Any CPU = Debug|Any CPU
		Debug|ARM = Debug|ARM
		Debug|iPhone = Debug|iPhone
		Debug|iPhoneSimulator = Debug|iPhoneSimulator
		Debug|x64 = Debug|x64
		Debug|x86 = Debug|x86
		Release|Any CPU = Release|Any CPU
		Release|ARM = Release|ARM
		Release|iPhone = Release|iPhone
		Release|iPhoneSimulator = Release|iPhoneSimulator
		Release|x64 = Release|x64
		Release|x86 = Release|x86
	EndGlobalSection
	GlobalSection(ProjectConfigurationPlatforms) = postSolution
		{54AB8910-2B69-4D24-8F36-C5779588C9CC}.Ad-Hoc|Any CPU.ActiveCfg = Release|Any CPU
		{54AB8910-2B69-4D24-8F36-C5779588C9CC}.Ad-Hoc|Any CPU.Build.0 = Release|Any CPU
		{54AB8910-2B69-4D24-8F36-C5779588C9CC}.Ad-Hoc|Any CPU.Deploy.0 = Release|Any CPU
		{54AB8910-2B69-4D24-8F36-C5779588C9CC}.Ad-Hoc|ARM.ActiveCfg = Release|Any CPU
		{54AB8910-2B69-4D24-8F36-C5779588C9CC}.Ad-Hoc|ARM.Build.0 = Release|Any CPU
		{54AB8910-2B69-4D24-8F36-C5779588C9CC}.Ad-Hoc|ARM.Deploy.0 = Release|Any CPU
		{54AB8910-2B69-4D24-8F36-C5779588C9CC}.Ad-Hoc|iPhone.ActiveCfg = Release|Any CPU
		{54AB8910-2B69-4D24-8F36-C5779588C9CC}.Ad-Hoc|iPhone.Build.0 = Release|Any CPU
		{54AB8910-2B69-4D24-8F36-C5779588C9CC}.Ad-Hoc|iPhone.Deploy.0 = Release|Any CPU
		{54AB8910-2B69-4D24-8F36-C5779588C9CC}.Ad-Hoc|iPhoneSimulator.ActiveCfg = Release|Any CPU
		{54AB8910-2B69-4D24-8F36-C5779588C9CC}.Ad-Hoc|iPhoneSimulator.Build.0 = Release|Any CPU
		{54AB8910-2B69-4D24-8F36-C5779588C9CC}.Ad-Hoc|iPhoneSimulator.Deploy.0 = Release|Any CPU
		{54AB8910-2B69-4D24-8F36-C5779588C9CC}.Ad-Hoc|x64.ActiveCfg = Release|Any CPU
		{54AB8910-2B69-4D24-8F36-C5779588C9CC}.Ad-Hoc|x64.Build.0 = Release|Any CPU
		{54AB8910-2B69-4D24-8F36-C5779588C9CC}.Ad-Hoc|x64.Deploy.0 = Release|Any CPU
		{54AB8910-2B69-4D24-8F36-C5779588C9CC}.Ad-Hoc|x86.ActiveCfg = Release|Any CPU
		{54AB8910-2B69-4D24-8F36-C5779588C9CC}.Ad-Hoc|x86.Build.0 = Release|Any CPU
		{54AB8910-2B69-4D24-8F36-C5779588C9CC}.Ad-Hoc|x86.Deploy.0 = Release|Any CPU
		{54AB8910-2B69-4D24-8F36-C5779588C9CC}.AppStore|Any CPU.ActiveCfg = Release|Any CPU
		{54AB8910-2B69-4D24-8F36-C5779588C9CC}.AppStore|Any CPU.Build.0 = Release|Any CPU
		{54AB8910-2B69-4D24-8F36-C5779588C9CC}.AppStore|Any CPU.Deploy.0 = Release|Any CPU
		{54AB8910-2B69-4D24-8F36-C5779588C9CC}.AppStore|ARM.ActiveCfg = Release|Any CPU
		{54AB8910-2B69-4D24-8F36-C5779588C9CC}.AppStore|ARM.Build.0 = Release|Any CPU
		{54AB8910-2B69-4D24-8F36-C5779588C9CC}.AppStore|ARM.Deploy.0 = Release|Any CPU
		{54AB8910-2B69-4D24-8F36-C5779588C9CC}.AppStore|iPhone.ActiveCfg = Release|Any CPU
		{54AB8910-2B69-4D24-8F36-C5779588C9CC}.AppStore|iPhone.Build.0 = Release|Any CPU
		{54AB8910-2B69-4D24-8F36-C5779588C9CC}.AppStore|iPhone.Deploy.0 = Release|Any CPU
		{54AB8910-2B69-4D24-8F36-C5779588C9CC}.AppStore|iPhoneSimulator.ActiveCfg = Release|Any CPU
		{54AB8910-2B69-4D24-8F36-C5779588C9CC}.AppStore|iPhoneSimulator.Build.0 = Release|Any CPU
		{54AB8910-2B69-4D24-8F36-C5779588C9CC}.AppStore|iPhoneSimulator.Deploy.0 = Release|Any CPU
		{54AB8910-2B69-4D24-8F36-C5779588C9CC}.AppStore|x64.ActiveCfg = Release|Any CPU
		{54AB8910-2B69-4D24-8F36-C5779588C9CC}.AppStore|x64.Build.0 = Release|Any CPU
		{54AB8910-2B69-4D24-8F36-C5779588C9CC}.AppStore|x64.Deploy.0 = Release|Any CPU
		{54AB8910-2B69-4D24-8F36-C5779588C9CC}.AppStore|x86.ActiveCfg = Release|Any CPU
		{54AB8910-2B69-4D24-8F36-C5779588C9CC}.AppStore|x86.Build.0 = Release|Any CPU
		{54AB8910-2B69-4D24-8F36-C5779588C9CC}.AppStore|x86.Deploy.0 = Release|Any CPU
		{54AB8910-2B69-4D24-8F36-C5779588C9CC}.Debug|Any CPU.ActiveCfg = Debug|Any CPU
		{54AB8910-2B69-4D24-8F36-C5779588C9CC}.Debug|Any CPU.Build.0 = Debug|Any CPU
		{54AB8910-2B69-4D24-8F36-C5779588C9CC}.Debug|Any CPU.Deploy.0 = Debug|Any CPU
		{54AB8910-2B69-4D24-8F36-C5779588C9CC}.Debug|ARM.ActiveCfg = Debug|Any CPU
		{54AB8910-2B69-4D24-8F36-C5779588C9CC}.Debug|ARM.Build.0 = Debug|Any CPU
		{54AB8910-2B69-4D24-8F36-C5779588C9CC}.Debug|ARM.Deploy.0 = Debug|Any CPU
		{54AB8910-2B69-4D24-8F36-C5779588C9CC}.Debug|iPhone.ActiveCfg = Debug|Any CPU
		{54AB8910-2B69-4D24-8F36-C5779588C9CC}.Debug|iPhone.Build.0 = Debug|Any CPU
		{54AB8910-2B69-4D24-8F36-C5779588C9CC}.Debug|iPhone.Deploy.0 = Debug|Any CPU
		{54AB8910-2B69-4D24-8F36-C5779588C9CC}.Debug|iPhoneSimulator.ActiveCfg = Debug|Any CPU
		{54AB8910-2B69-4D24-8F36-C5779588C9CC}.Debug|iPhoneSimulator.Build.0 = Debug|Any CPU
		{54AB8910-2B69-4D24-8F36-C5779588C9CC}.Debug|iPhoneSimulator.Deploy.0 = Debug|Any CPU
		{54AB8910-2B69-4D24-8F36-C5779588C9CC}.Debug|x64.ActiveCfg = Debug|Any CPU
		{54AB8910-2B69-4D24-8F36-C5779588C9CC}.Debug|x64.Build.0 = Debug|Any CPU
		{54AB8910-2B69-4D24-8F36-C5779588C9CC}.Debug|x64.Deploy.0 = Debug|Any CPU
		{54AB8910-2B69-4D24-8F36-C5779588C9CC}.Debug|x86.ActiveCfg = Debug|Any CPU
		{54AB8910-2B69-4D24-8F36-C5779588C9CC}.Debug|x86.Build.0 = Debug|Any CPU
		{54AB8910-2B69-4D24-8F36-C5779588C9CC}.Debug|x86.Deploy.0 = Debug|Any CPU
		{54AB8910-2B69-4D24-8F36-C5779588C9CC}.Release|Any CPU.ActiveCfg = Release|Any CPU
		{54AB8910-2B69-4D24-8F36-C5779588C9CC}.Release|Any CPU.Build.0 = Release|Any CPU
		{54AB8910-2B69-4D24-8F36-C5779588C9CC}.Release|Any CPU.Deploy.0 = Release|Any CPU
		{54AB8910-2B69-4D24-8F36-C5779588C9CC}.Release|ARM.ActiveCfg = Release|Any CPU
		{54AB8910-2B69-4D24-8F36-C5779588C9CC}.Release|ARM.Build.0 = Release|Any CPU
		{54AB8910-2B69-4D24-8F36-C5779588C9CC}.Release|ARM.Deploy.0 = Release|Any CPU
		{54AB8910-2B69-4D24-8F36-C5779588C9CC}.Release|iPhone.ActiveCfg = Release|Any CPU
		{54AB8910-2B69-4D24-8F36-C5779588C9CC}.Release|iPhone.Build.0 = Release|Any CPU
		{54AB8910-2B69-4D24-8F36-C5779588C9CC}.Release|iPhone.Deploy.0 = Release|Any CPU
		{54AB8910-2B69-4D24-8F36-C5779588C9CC}.Release|iPhoneSimulator.ActiveCfg = Release|Any CPU
		{54AB8910-2B69-4D24-8F36-C5779588C9CC}.Release|iPhoneSimulator.Build.0 = Release|Any CPU
		{54AB8910-2B69-4D24-8F36-C5779588C9CC}.Release|iPhoneSimulator.Deploy.0 = Release|Any CPU
		{54AB8910-2B69-4D24-8F36-C5779588C9CC}.Release|x64.ActiveCfg = Release|Any CPU
		{54AB8910-2B69-4D24-8F36-C5779588C9CC}.Release|x64.Build.0 = Release|Any CPU
		{54AB8910-2B69-4D24-8F36-C5779588C9CC}.Release|x64.Deploy.0 = Release|Any CPU
		{54AB8910-2B69-4D24-8F36-C5779588C9CC}.Release|x86.ActiveCfg = Release|Any CPU
		{54AB8910-2B69-4D24-8F36-C5779588C9CC}.Release|x86.Build.0 = Release|Any CPU
		{54AB8910-2B69-4D24-8F36-C5779588C9CC}.Release|x86.Deploy.0 = Release|Any CPU
		{C95B766F-E542-45E7-BE9C-9CAD99371D75}.Ad-Hoc|Any CPU.ActiveCfg = Ad-Hoc|iPhone
		{C95B766F-E542-45E7-BE9C-9CAD99371D75}.Ad-Hoc|Any CPU.Build.0 = Ad-Hoc|iPhone
		{C95B766F-E542-45E7-BE9C-9CAD99371D75}.Ad-Hoc|Any CPU.Deploy.0 = Ad-Hoc|iPhone
		{C95B766F-E542-45E7-BE9C-9CAD99371D75}.Ad-Hoc|ARM.ActiveCfg = Ad-Hoc|iPhone
		{C95B766F-E542-45E7-BE9C-9CAD99371D75}.Ad-Hoc|ARM.Build.0 = Ad-Hoc|iPhone
		{C95B766F-E542-45E7-BE9C-9CAD99371D75}.Ad-Hoc|ARM.Deploy.0 = Ad-Hoc|iPhone
		{C95B766F-E542-45E7-BE9C-9CAD99371D75}.Ad-Hoc|iPhone.ActiveCfg = Ad-Hoc|iPhone
		{C95B766F-E542-45E7-BE9C-9CAD99371D75}.Ad-Hoc|iPhone.Build.0 = Ad-Hoc|iPhone
		{C95B766F-E542-45E7-BE9C-9CAD99371D75}.Ad-Hoc|iPhone.Deploy.0 = Ad-Hoc|iPhone
		{C95B766F-E542-45E7-BE9C-9CAD99371D75}.Ad-Hoc|iPhoneSimulator.ActiveCfg = Ad-Hoc|iPhoneSimulator
		{C95B766F-E542-45E7-BE9C-9CAD99371D75}.Ad-Hoc|iPhoneSimulator.Build.0 = Ad-Hoc|iPhoneSimulator
		{C95B766F-E542-45E7-BE9C-9CAD99371D75}.Ad-Hoc|iPhoneSimulator.Deploy.0 = Ad-Hoc|iPhoneSimulator
		{C95B766F-E542-45E7-BE9C-9CAD99371D75}.Ad-Hoc|x64.ActiveCfg = Ad-Hoc|iPhone
		{C95B766F-E542-45E7-BE9C-9CAD99371D75}.Ad-Hoc|x64.Build.0 = Ad-Hoc|iPhone
		{C95B766F-E542-45E7-BE9C-9CAD99371D75}.Ad-Hoc|x64.Deploy.0 = Ad-Hoc|iPhone
		{C95B766F-E542-45E7-BE9C-9CAD99371D75}.Ad-Hoc|x86.ActiveCfg = Ad-Hoc|iPhone
		{C95B766F-E542-45E7-BE9C-9CAD99371D75}.Ad-Hoc|x86.Build.0 = Ad-Hoc|iPhone
		{C95B766F-E542-45E7-BE9C-9CAD99371D75}.Ad-Hoc|x86.Deploy.0 = Ad-Hoc|iPhone
		{C95B766F-E542-45E7-BE9C-9CAD99371D75}.AppStore|Any CPU.ActiveCfg = AppStore|iPhone
		{C95B766F-E542-45E7-BE9C-9CAD99371D75}.AppStore|Any CPU.Build.0 = AppStore|iPhone
		{C95B766F-E542-45E7-BE9C-9CAD99371D75}.AppStore|Any CPU.Deploy.0 = AppStore|iPhone
		{C95B766F-E542-45E7-BE9C-9CAD99371D75}.AppStore|ARM.ActiveCfg = AppStore|iPhone
		{C95B766F-E542-45E7-BE9C-9CAD99371D75}.AppStore|ARM.Build.0 = AppStore|iPhone
		{C95B766F-E542-45E7-BE9C-9CAD99371D75}.AppStore|ARM.Deploy.0 = AppStore|iPhone
		{C95B766F-E542-45E7-BE9C-9CAD99371D75}.AppStore|iPhone.ActiveCfg = AppStore|iPhone
		{C95B766F-E542-45E7-BE9C-9CAD99371D75}.AppStore|iPhone.Build.0 = AppStore|iPhone
		{C95B766F-E542-45E7-BE9C-9CAD99371D75}.AppStore|iPhone.Deploy.0 = AppStore|iPhone
		{C95B766F-E542-45E7-BE9C-9CAD99371D75}.AppStore|iPhoneSimulator.ActiveCfg = AppStore|iPhoneSimulator
		{C95B766F-E542-45E7-BE9C-9CAD99371D75}.AppStore|iPhoneSimulator.Build.0 = AppStore|iPhoneSimulator
		{C95B766F-E542-45E7-BE9C-9CAD99371D75}.AppStore|iPhoneSimulator.Deploy.0 = AppStore|iPhoneSimulator
		{C95B766F-E542-45E7-BE9C-9CAD99371D75}.AppStore|x64.ActiveCfg = AppStore|iPhone
		{C95B766F-E542-45E7-BE9C-9CAD99371D75}.AppStore|x64.Build.0 = AppStore|iPhone
		{C95B766F-E542-45E7-BE9C-9CAD99371D75}.AppStore|x64.Deploy.0 = AppStore|iPhone
		{C95B766F-E542-45E7-BE9C-9CAD99371D75}.AppStore|x86.ActiveCfg = AppStore|iPhone
		{C95B766F-E542-45E7-BE9C-9CAD99371D75}.AppStore|x86.Build.0 = AppStore|iPhone
		{C95B766F-E542-45E7-BE9C-9CAD99371D75}.AppStore|x86.Deploy.0 = AppStore|iPhone
		{C95B766F-E542-45E7-BE9C-9CAD99371D75}.Debug|Any CPU.ActiveCfg = Debug|iPhoneSimulator
		{C95B766F-E542-45E7-BE9C-9CAD99371D75}.Debug|Any CPU.Build.0 = Debug|iPhoneSimulator
		{C95B766F-E542-45E7-BE9C-9CAD99371D75}.Debug|Any CPU.Deploy.0 = Debug|iPhoneSimulator
		{C95B766F-E542-45E7-BE9C-9CAD99371D75}.Debug|ARM.ActiveCfg = Debug|iPhone
		{C95B766F-E542-45E7-BE9C-9CAD99371D75}.Debug|ARM.Build.0 = Debug|iPhone
		{C95B766F-E542-45E7-BE9C-9CAD99371D75}.Debug|ARM.Deploy.0 = Debug|iPhone
		{C95B766F-E542-45E7-BE9C-9CAD99371D75}.Debug|iPhone.ActiveCfg = Debug|iPhone
		{C95B766F-E542-45E7-BE9C-9CAD99371D75}.Debug|iPhone.Build.0 = Debug|iPhone
		{C95B766F-E542-45E7-BE9C-9CAD99371D75}.Debug|iPhone.Deploy.0 = Debug|iPhone
		{C95B766F-E542-45E7-BE9C-9CAD99371D75}.Debug|iPhoneSimulator.ActiveCfg = Debug|iPhoneSimulator
		{C95B766F-E542-45E7-BE9C-9CAD99371D75}.Debug|iPhoneSimulator.Build.0 = Debug|iPhoneSimulator
		{C95B766F-E542-45E7-BE9C-9CAD99371D75}.Debug|iPhoneSimulator.Deploy.0 = Debug|iPhoneSimulator
		{C95B766F-E542-45E7-BE9C-9CAD99371D75}.Debug|x64.ActiveCfg = Debug|iPhone
		{C95B766F-E542-45E7-BE9C-9CAD99371D75}.Debug|x64.Build.0 = Debug|iPhone
		{C95B766F-E542-45E7-BE9C-9CAD99371D75}.Debug|x64.Deploy.0 = Debug|iPhone
		{C95B766F-E542-45E7-BE9C-9CAD99371D75}.Debug|x86.ActiveCfg = Debug|iPhone
		{C95B766F-E542-45E7-BE9C-9CAD99371D75}.Debug|x86.Build.0 = Debug|iPhone
		{C95B766F-E542-45E7-BE9C-9CAD99371D75}.Debug|x86.Deploy.0 = Debug|iPhone
		{C95B766F-E542-45E7-BE9C-9CAD99371D75}.Release|Any CPU.ActiveCfg = Release|iPhone
		{C95B766F-E542-45E7-BE9C-9CAD99371D75}.Release|Any CPU.Build.0 = Release|iPhone
		{C95B766F-E542-45E7-BE9C-9CAD99371D75}.Release|Any CPU.Deploy.0 = Release|iPhone
		{C95B766F-E542-45E7-BE9C-9CAD99371D75}.Release|ARM.ActiveCfg = Release|iPhone
		{C95B766F-E542-45E7-BE9C-9CAD99371D75}.Release|ARM.Build.0 = Release|iPhone
		{C95B766F-E542-45E7-BE9C-9CAD99371D75}.Release|ARM.Deploy.0 = Release|iPhone
		{C95B766F-E542-45E7-BE9C-9CAD99371D75}.Release|iPhone.ActiveCfg = Release|iPhone
		{C95B766F-E542-45E7-BE9C-9CAD99371D75}.Release|iPhone.Build.0 = Release|iPhone
		{C95B766F-E542-45E7-BE9C-9CAD99371D75}.Release|iPhone.Deploy.0 = Release|iPhone
		{C95B766F-E542-45E7-BE9C-9CAD99371D75}.Release|iPhoneSimulator.ActiveCfg = Release|iPhoneSimulator
		{C95B766F-E542-45E7-BE9C-9CAD99371D75}.Release|iPhoneSimulator.Build.0 = Release|iPhoneSimulator
		{C95B766F-E542-45E7-BE9C-9CAD99371D75}.Release|iPhoneSimulator.Deploy.0 = Release|iPhoneSimulator
		{C95B766F-E542-45E7-BE9C-9CAD99371D75}.Release|x64.ActiveCfg = Release|iPhone
		{C95B766F-E542-45E7-BE9C-9CAD99371D75}.Release|x64.Build.0 = Release|iPhone
		{C95B766F-E542-45E7-BE9C-9CAD99371D75}.Release|x64.Deploy.0 = Release|iPhone
		{C95B766F-E542-45E7-BE9C-9CAD99371D75}.Release|x86.ActiveCfg = Release|iPhone
		{C95B766F-E542-45E7-BE9C-9CAD99371D75}.Release|x86.Build.0 = Release|iPhone
		{C95B766F-E542-45E7-BE9C-9CAD99371D75}.Release|x86.Deploy.0 = Release|iPhone
		{6289C4BF-F9CC-4701-A717-43884A3A0BCD}.Ad-Hoc|Any CPU.ActiveCfg = Release|x86
		{6289C4BF-F9CC-4701-A717-43884A3A0BCD}.Ad-Hoc|Any CPU.Build.0 = Release|x86
		{6289C4BF-F9CC-4701-A717-43884A3A0BCD}.Ad-Hoc|Any CPU.Deploy.0 = Release|x86
		{6289C4BF-F9CC-4701-A717-43884A3A0BCD}.Ad-Hoc|ARM.ActiveCfg = Release|ARM
		{6289C4BF-F9CC-4701-A717-43884A3A0BCD}.Ad-Hoc|ARM.Build.0 = Release|ARM
		{6289C4BF-F9CC-4701-A717-43884A3A0BCD}.Ad-Hoc|ARM.Deploy.0 = Release|ARM
		{6289C4BF-F9CC-4701-A717-43884A3A0BCD}.Ad-Hoc|iPhone.ActiveCfg = Release|x86
		{6289C4BF-F9CC-4701-A717-43884A3A0BCD}.Ad-Hoc|iPhone.Build.0 = Release|x86
		{6289C4BF-F9CC-4701-A717-43884A3A0BCD}.Ad-Hoc|iPhone.Deploy.0 = Release|x86
		{6289C4BF-F9CC-4701-A717-43884A3A0BCD}.Ad-Hoc|iPhoneSimulator.ActiveCfg = Release|x86
		{6289C4BF-F9CC-4701-A717-43884A3A0BCD}.Ad-Hoc|iPhoneSimulator.Build.0 = Release|x86
		{6289C4BF-F9CC-4701-A717-43884A3A0BCD}.Ad-Hoc|iPhoneSimulator.Deploy.0 = Release|x86
		{6289C4BF-F9CC-4701-A717-43884A3A0BCD}.Ad-Hoc|x64.ActiveCfg = Release|x64
		{6289C4BF-F9CC-4701-A717-43884A3A0BCD}.Ad-Hoc|x64.Build.0 = Release|x64
		{6289C4BF-F9CC-4701-A717-43884A3A0BCD}.Ad-Hoc|x64.Deploy.0 = Release|x64
		{6289C4BF-F9CC-4701-A717-43884A3A0BCD}.Ad-Hoc|x86.ActiveCfg = Release|x86
		{6289C4BF-F9CC-4701-A717-43884A3A0BCD}.Ad-Hoc|x86.Build.0 = Release|x86
		{6289C4BF-F9CC-4701-A717-43884A3A0BCD}.Ad-Hoc|x86.Deploy.0 = Release|x86
		{6289C4BF-F9CC-4701-A717-43884A3A0BCD}.AppStore|Any CPU.ActiveCfg = Release|x86
		{6289C4BF-F9CC-4701-A717-43884A3A0BCD}.AppStore|Any CPU.Build.0 = Release|x86
		{6289C4BF-F9CC-4701-A717-43884A3A0BCD}.AppStore|Any CPU.Deploy.0 = Release|x86
		{6289C4BF-F9CC-4701-A717-43884A3A0BCD}.AppStore|ARM.ActiveCfg = Release|ARM
		{6289C4BF-F9CC-4701-A717-43884A3A0BCD}.AppStore|ARM.Build.0 = Release|ARM
		{6289C4BF-F9CC-4701-A717-43884A3A0BCD}.AppStore|ARM.Deploy.0 = Release|ARM
		{6289C4BF-F9CC-4701-A717-43884A3A0BCD}.AppStore|iPhone.ActiveCfg = Release|x86
		{6289C4BF-F9CC-4701-A717-43884A3A0BCD}.AppStore|iPhone.Build.0 = Release|x86
		{6289C4BF-F9CC-4701-A717-43884A3A0BCD}.AppStore|iPhone.Deploy.0 = Release|x86
		{6289C4BF-F9CC-4701-A717-43884A3A0BCD}.AppStore|iPhoneSimulator.ActiveCfg = Release|x86
		{6289C4BF-F9CC-4701-A717-43884A3A0BCD}.AppStore|iPhoneSimulator.Build.0 = Release|x86
		{6289C4BF-F9CC-4701-A717-43884A3A0BCD}.AppStore|iPhoneSimulator.Deploy.0 = Release|x86
		{6289C4BF-F9CC-4701-A717-43884A3A0BCD}.AppStore|x64.ActiveCfg = Release|x64
		{6289C4BF-F9CC-4701-A717-43884A3A0BCD}.AppStore|x64.Build.0 = Release|x64
		{6289C4BF-F9CC-4701-A717-43884A3A0BCD}.AppStore|x64.Deploy.0 = Release|x64
		{6289C4BF-F9CC-4701-A717-43884A3A0BCD}.AppStore|x86.ActiveCfg = Release|x86
		{6289C4BF-F9CC-4701-A717-43884A3A0BCD}.AppStore|x86.Build.0 = Release|x86
		{6289C4BF-F9CC-4701-A717-43884A3A0BCD}.AppStore|x86.Deploy.0 = Release|x86
		{6289C4BF-F9CC-4701-A717-43884A3A0BCD}.Debug|Any CPU.ActiveCfg = Debug|x86
		{6289C4BF-F9CC-4701-A717-43884A3A0BCD}.Debug|Any CPU.Build.0 = Debug|x86
		{6289C4BF-F9CC-4701-A717-43884A3A0BCD}.Debug|Any CPU.Deploy.0 = Debug|x86
		{6289C4BF-F9CC-4701-A717-43884A3A0BCD}.Debug|ARM.ActiveCfg = Debug|ARM
		{6289C4BF-F9CC-4701-A717-43884A3A0BCD}.Debug|ARM.Build.0 = Debug|ARM
		{6289C4BF-F9CC-4701-A717-43884A3A0BCD}.Debug|ARM.Deploy.0 = Debug|ARM
		{6289C4BF-F9CC-4701-A717-43884A3A0BCD}.Debug|iPhone.ActiveCfg = Debug|x86
		{6289C4BF-F9CC-4701-A717-43884A3A0BCD}.Debug|iPhone.Build.0 = Debug|x86
		{6289C4BF-F9CC-4701-A717-43884A3A0BCD}.Debug|iPhone.Deploy.0 = Debug|x86
		{6289C4BF-F9CC-4701-A717-43884A3A0BCD}.Debug|iPhoneSimulator.ActiveCfg = Debug|x86
		{6289C4BF-F9CC-4701-A717-43884A3A0BCD}.Debug|iPhoneSimulator.Build.0 = Debug|x86
		{6289C4BF-F9CC-4701-A717-43884A3A0BCD}.Debug|iPhoneSimulator.Deploy.0 = Debug|x86
		{6289C4BF-F9CC-4701-A717-43884A3A0BCD}.Debug|x64.ActiveCfg = Debug|x64
		{6289C4BF-F9CC-4701-A717-43884A3A0BCD}.Debug|x64.Build.0 = Debug|x64
		{6289C4BF-F9CC-4701-A717-43884A3A0BCD}.Debug|x64.Deploy.0 = Debug|x64
		{6289C4BF-F9CC-4701-A717-43884A3A0BCD}.Debug|x86.ActiveCfg = Debug|x86
		{6289C4BF-F9CC-4701-A717-43884A3A0BCD}.Debug|x86.Build.0 = Debug|x86
		{6289C4BF-F9CC-4701-A717-43884A3A0BCD}.Debug|x86.Deploy.0 = Debug|x86
		{6289C4BF-F9CC-4701-A717-43884A3A0BCD}.Release|Any CPU.ActiveCfg = Release|x86
		{6289C4BF-F9CC-4701-A717-43884A3A0BCD}.Release|Any CPU.Build.0 = Release|x86
		{6289C4BF-F9CC-4701-A717-43884A3A0BCD}.Release|Any CPU.Deploy.0 = Release|x86
		{6289C4BF-F9CC-4701-A717-43884A3A0BCD}.Release|ARM.ActiveCfg = Release|ARM
		{6289C4BF-F9CC-4701-A717-43884A3A0BCD}.Release|ARM.Build.0 = Release|ARM
		{6289C4BF-F9CC-4701-A717-43884A3A0BCD}.Release|ARM.Deploy.0 = Release|ARM
		{6289C4BF-F9CC-4701-A717-43884A3A0BCD}.Release|iPhone.ActiveCfg = Release|x86
		{6289C4BF-F9CC-4701-A717-43884A3A0BCD}.Release|iPhone.Build.0 = Release|x86
		{6289C4BF-F9CC-4701-A717-43884A3A0BCD}.Release|iPhone.Deploy.0 = Release|x86
		{6289C4BF-F9CC-4701-A717-43884A3A0BCD}.Release|iPhoneSimulator.ActiveCfg = Release|x86
		{6289C4BF-F9CC-4701-A717-43884A3A0BCD}.Release|iPhoneSimulator.Build.0 = Release|x86
		{6289C4BF-F9CC-4701-A717-43884A3A0BCD}.Release|iPhoneSimulator.Deploy.0 = Release|x86
		{6289C4BF-F9CC-4701-A717-43884A3A0BCD}.Release|x64.ActiveCfg = Release|x64
		{6289C4BF-F9CC-4701-A717-43884A3A0BCD}.Release|x64.Build.0 = Release|x64
		{6289C4BF-F9CC-4701-A717-43884A3A0BCD}.Release|x64.Deploy.0 = Release|x64
		{6289C4BF-F9CC-4701-A717-43884A3A0BCD}.Release|x86.ActiveCfg = Release|x86
		{6289C4BF-F9CC-4701-A717-43884A3A0BCD}.Release|x86.Build.0 = Release|x86
		{6289C4BF-F9CC-4701-A717-43884A3A0BCD}.Release|x86.Deploy.0 = Release|x86
		{75783D40-A7F0-4A4B-82B4-A685A714CB5E}.Ad-Hoc|Any CPU.ActiveCfg = Debug|Any CPU
		{75783D40-A7F0-4A4B-82B4-A685A714CB5E}.Ad-Hoc|Any CPU.Build.0 = Debug|Any CPU
		{75783D40-A7F0-4A4B-82B4-A685A714CB5E}.Ad-Hoc|Any CPU.Deploy.0 = Debug|Any CPU
		{75783D40-A7F0-4A4B-82B4-A685A714CB5E}.Ad-Hoc|ARM.ActiveCfg = Debug|Any CPU
		{75783D40-A7F0-4A4B-82B4-A685A714CB5E}.Ad-Hoc|ARM.Build.0 = Debug|Any CPU
		{75783D40-A7F0-4A4B-82B4-A685A714CB5E}.Ad-Hoc|ARM.Deploy.0 = Debug|Any CPU
		{75783D40-A7F0-4A4B-82B4-A685A714CB5E}.Ad-Hoc|iPhone.ActiveCfg = Debug|Any CPU
		{75783D40-A7F0-4A4B-82B4-A685A714CB5E}.Ad-Hoc|iPhone.Build.0 = Debug|Any CPU
		{75783D40-A7F0-4A4B-82B4-A685A714CB5E}.Ad-Hoc|iPhone.Deploy.0 = Debug|Any CPU
		{75783D40-A7F0-4A4B-82B4-A685A714CB5E}.Ad-Hoc|iPhoneSimulator.ActiveCfg = Debug|Any CPU
		{75783D40-A7F0-4A4B-82B4-A685A714CB5E}.Ad-Hoc|iPhoneSimulator.Build.0 = Debug|Any CPU
		{75783D40-A7F0-4A4B-82B4-A685A714CB5E}.Ad-Hoc|iPhoneSimulator.Deploy.0 = Debug|Any CPU
		{75783D40-A7F0-4A4B-82B4-A685A714CB5E}.Ad-Hoc|x64.ActiveCfg = Debug|Any CPU
		{75783D40-A7F0-4A4B-82B4-A685A714CB5E}.Ad-Hoc|x64.Build.0 = Debug|Any CPU
		{75783D40-A7F0-4A4B-82B4-A685A714CB5E}.Ad-Hoc|x64.Deploy.0 = Debug|Any CPU
		{75783D40-A7F0-4A4B-82B4-A685A714CB5E}.Ad-Hoc|x86.ActiveCfg = Debug|Any CPU
		{75783D40-A7F0-4A4B-82B4-A685A714CB5E}.Ad-Hoc|x86.Build.0 = Debug|Any CPU
		{75783D40-A7F0-4A4B-82B4-A685A714CB5E}.Ad-Hoc|x86.Deploy.0 = Debug|Any CPU
		{75783D40-A7F0-4A4B-82B4-A685A714CB5E}.AppStore|Any CPU.ActiveCfg = Debug|Any CPU
		{75783D40-A7F0-4A4B-82B4-A685A714CB5E}.AppStore|Any CPU.Build.0 = Debug|Any CPU
		{75783D40-A7F0-4A4B-82B4-A685A714CB5E}.AppStore|Any CPU.Deploy.0 = Debug|Any CPU
		{75783D40-A7F0-4A4B-82B4-A685A714CB5E}.AppStore|ARM.ActiveCfg = Debug|Any CPU
		{75783D40-A7F0-4A4B-82B4-A685A714CB5E}.AppStore|ARM.Build.0 = Debug|Any CPU
		{75783D40-A7F0-4A4B-82B4-A685A714CB5E}.AppStore|ARM.Deploy.0 = Debug|Any CPU
		{75783D40-A7F0-4A4B-82B4-A685A714CB5E}.AppStore|iPhone.ActiveCfg = Debug|Any CPU
		{75783D40-A7F0-4A4B-82B4-A685A714CB5E}.AppStore|iPhone.Build.0 = Debug|Any CPU
		{75783D40-A7F0-4A4B-82B4-A685A714CB5E}.AppStore|iPhone.Deploy.0 = Debug|Any CPU
		{75783D40-A7F0-4A4B-82B4-A685A714CB5E}.AppStore|iPhoneSimulator.ActiveCfg = Debug|Any CPU
		{75783D40-A7F0-4A4B-82B4-A685A714CB5E}.AppStore|iPhoneSimulator.Build.0 = Debug|Any CPU
		{75783D40-A7F0-4A4B-82B4-A685A714CB5E}.AppStore|iPhoneSimulator.Deploy.0 = Debug|Any CPU
		{75783D40-A7F0-4A4B-82B4-A685A714CB5E}.AppStore|x64.ActiveCfg = Debug|Any CPU
		{75783D40-A7F0-4A4B-82B4-A685A714CB5E}.AppStore|x64.Build.0 = Debug|Any CPU
		{75783D40-A7F0-4A4B-82B4-A685A714CB5E}.AppStore|x64.Deploy.0 = Debug|Any CPU
		{75783D40-A7F0-4A4B-82B4-A685A714CB5E}.AppStore|x86.ActiveCfg = Debug|Any CPU
		{75783D40-A7F0-4A4B-82B4-A685A714CB5E}.AppStore|x86.Build.0 = Debug|Any CPU
		{75783D40-A7F0-4A4B-82B4-A685A714CB5E}.AppStore|x86.Deploy.0 = Debug|Any CPU
		{75783D40-A7F0-4A4B-82B4-A685A714CB5E}.Debug|Any CPU.ActiveCfg = Debug|Any CPU
		{75783D40-A7F0-4A4B-82B4-A685A714CB5E}.Debug|Any CPU.Build.0 = Debug|Any CPU
		{75783D40-A7F0-4A4B-82B4-A685A714CB5E}.Debug|Any CPU.Deploy.0 = Debug|Any CPU
		{75783D40-A7F0-4A4B-82B4-A685A714CB5E}.Debug|ARM.ActiveCfg = Debug|Any CPU
		{75783D40-A7F0-4A4B-82B4-A685A714CB5E}.Debug|ARM.Build.0 = Debug|Any CPU
		{75783D40-A7F0-4A4B-82B4-A685A714CB5E}.Debug|ARM.Deploy.0 = Debug|Any CPU
		{75783D40-A7F0-4A4B-82B4-A685A714CB5E}.Debug|iPhone.ActiveCfg = Debug|Any CPU
		{75783D40-A7F0-4A4B-82B4-A685A714CB5E}.Debug|iPhone.Build.0 = Debug|Any CPU
		{75783D40-A7F0-4A4B-82B4-A685A714CB5E}.Debug|iPhone.Deploy.0 = Debug|Any CPU
		{75783D40-A7F0-4A4B-82B4-A685A714CB5E}.Debug|iPhoneSimulator.ActiveCfg = Debug|Any CPU
		{75783D40-A7F0-4A4B-82B4-A685A714CB5E}.Debug|iPhoneSimulator.Build.0 = Debug|Any CPU
		{75783D40-A7F0-4A4B-82B4-A685A714CB5E}.Debug|iPhoneSimulator.Deploy.0 = Debug|Any CPU
		{75783D40-A7F0-4A4B-82B4-A685A714CB5E}.Debug|x64.ActiveCfg = Debug|Any CPU
		{75783D40-A7F0-4A4B-82B4-A685A714CB5E}.Debug|x64.Build.0 = Debug|Any CPU
		{75783D40-A7F0-4A4B-82B4-A685A714CB5E}.Debug|x64.Deploy.0 = Debug|Any CPU
		{75783D40-A7F0-4A4B-82B4-A685A714CB5E}.Debug|x86.ActiveCfg = Debug|Any CPU
		{75783D40-A7F0-4A4B-82B4-A685A714CB5E}.Debug|x86.Build.0 = Debug|Any CPU
		{75783D40-A7F0-4A4B-82B4-A685A714CB5E}.Debug|x86.Deploy.0 = Debug|Any CPU
		{75783D40-A7F0-4A4B-82B4-A685A714CB5E}.Release|Any CPU.ActiveCfg = Release|Any CPU
		{75783D40-A7F0-4A4B-82B4-A685A714CB5E}.Release|Any CPU.Build.0 = Release|Any CPU
		{75783D40-A7F0-4A4B-82B4-A685A714CB5E}.Release|Any CPU.Deploy.0 = Release|Any CPU
		{75783D40-A7F0-4A4B-82B4-A685A714CB5E}.Release|ARM.ActiveCfg = Release|Any CPU
		{75783D40-A7F0-4A4B-82B4-A685A714CB5E}.Release|ARM.Build.0 = Release|Any CPU
		{75783D40-A7F0-4A4B-82B4-A685A714CB5E}.Release|ARM.Deploy.0 = Release|Any CPU
		{75783D40-A7F0-4A4B-82B4-A685A714CB5E}.Release|iPhone.ActiveCfg = Release|Any CPU
		{75783D40-A7F0-4A4B-82B4-A685A714CB5E}.Release|iPhone.Build.0 = Release|Any CPU
		{75783D40-A7F0-4A4B-82B4-A685A714CB5E}.Release|iPhone.Deploy.0 = Release|Any CPU
		{75783D40-A7F0-4A4B-82B4-A685A714CB5E}.Release|iPhoneSimulator.ActiveCfg = Release|Any CPU
		{75783D40-A7F0-4A4B-82B4-A685A714CB5E}.Release|iPhoneSimulator.Build.0 = Release|Any CPU
		{75783D40-A7F0-4A4B-82B4-A685A714CB5E}.Release|iPhoneSimulator.Deploy.0 = Release|Any CPU
		{75783D40-A7F0-4A4B-82B4-A685A714CB5E}.Release|x64.ActiveCfg = Release|Any CPU
		{75783D40-A7F0-4A4B-82B4-A685A714CB5E}.Release|x64.Build.0 = Release|Any CPU
		{75783D40-A7F0-4A4B-82B4-A685A714CB5E}.Release|x64.Deploy.0 = Release|Any CPU
		{75783D40-A7F0-4A4B-82B4-A685A714CB5E}.Release|x86.ActiveCfg = Release|Any CPU
		{75783D40-A7F0-4A4B-82B4-A685A714CB5E}.Release|x86.Build.0 = Release|Any CPU
		{75783D40-A7F0-4A4B-82B4-A685A714CB5E}.Release|x86.Deploy.0 = Release|Any CPU
	EndGlobalSection
	GlobalSection(SolutionProperties) = preSolution
		HideSolutionNode = FALSE
	EndGlobalSection
	GlobalSection(ExtensibilityGlobals) = postSolution
		SolutionGuid = {717115E7-FAC1-4CEE-BBCA-85C3A2820DBF}
	EndGlobalSection
EndGlobal
